dependencies:
  idf:
    component_hash: null
    source:
      type: idf
    version: 5.2.1
  joltwallet/littlefs:
    component_hash: 7e9b6a652f846df473870263f7ecc0decdf54e6a04189af0c6a78df9d20bda0c
    source:
      service_url: https://api.components.espressif.com/
      type: service
    version: 1.14.4
manifest_hash: 158cdb78f7ca9877ac00f963faf9b5da63cf00af32b042319c43508a54a91c34
target: esp32
version: 1.0.0
